// !$*UTF8*$!
{
	archiveVersion = 1;
	classes = {
	};
	objectVersion = 50;
	objects = {

/* Begin PBXBuildFile section */
		755107D324E421EE009B14A4 /* Main.storyboard in Resources */ = {isa = PBXBuildFile; fileRef = 755107D224E421EE009B14A4 /* Main.storyboard */; };
		756705FD24C726B000C791FA /* AppDelegate.swift in Sources */ = {isa = PBXBuildFile; fileRef = 756705FC24C726B000C791FA /* AppDelegate.swift */; };
		756705FF24C726B000C791FA /* SceneDelegate.swift in Sources */ = {isa = PBXBuildFile; fileRef = 756705FE24C726B000C791FA /* SceneDelegate.swift */; };
		7567060124C726B000C791FA /* EditorController.swift in Sources */ = {isa = PBXBuildFile; fileRef = 7567060024C726B000C791FA /* EditorController.swift */; };
		7567060624C726B300C791FA /* Assets.xcassets in Resources */ = {isa = PBXBuildFile; fileRef = 7567060524C726B300C791FA /* Assets.xcassets */; };
		7567060924C726B300C791FA /* LaunchScreen.storyboard in Resources */ = {isa = PBXBuildFile; fileRef = 7567060724C726B300C791FA /* LaunchScreen.storyboard */; };
		7567061324C7273A00C791FA /* Meme.swift in Sources */ = {isa = PBXBuildFile; fileRef = 7567061224C7273A00C791FA /* Meme.swift */; };
		758C82ED24CC8AB200CE0613 /* MemeCollectionViewController.swift in Sources */ = {isa = PBXBuildFile; fileRef = 758C82EC24CC8AB200CE0613 /* MemeCollectionViewController.swift */; };
		75AF0B1424D0561300ABBA73 /* MemeDetailViewController.swift in Sources */ = {isa = PBXBuildFile; fileRef = 75AF0B1324D0561300ABBA73 /* MemeDetailViewController.swift */; };
		75AF0B1624D77CBD00ABBA73 /* MemeTableViewController.swift in Sources */ = {isa = PBXBuildFile; fileRef = 75AF0B1524D77CBD00ABBA73 /* MemeTableViewController.swift */; };
		75AF0B1824D8982C00ABBA73 /* MemeCollectionViewCell.swift in Sources */ = {isa = PBXBuildFile; fileRef = 75AF0B1724D8982C00ABBA73 /* MemeCollectionViewCell.swift */; };
		75AF0B1C24D9D0F300ABBA73 /* MemeTableViewCell.swift in Sources */ = {isa = PBXBuildFile; fileRef = 75AF0B1B24D9D0F300ABBA73 /* MemeTableViewCell.swift */; };
/* End PBXBuildFile section */

/* Begin PBXFileReference section */
		755107D224E421EE009B14A4 /* Main.storyboard */ = {isa = PBXFileReference; fileEncoding = 4; lastKnownFileType = file.storyboard; path = Main.storyboard; sourceTree = "<group>"; };
		756705F924C726B000C791FA /* Meme 2.0.app */ = {isa = PBXFileReference; explicitFileType = wrapper.application; includeInIndex = 0; path = "Meme 2.0.app"; sourceTree = BUILT_PRODUCTS_DIR; };
		756705FC24C726B000C791FA /* AppDelegate.swift */ = {isa = PBXFileReference; lastKnownFileType = sourcecode.swift; path = AppDelegate.swift; sourceTree = "<group>"; };
		756705FE24C726B000C791FA /* SceneDelegate.swift */ = {isa = PBXFileReference; lastKnownFileType = sourcecode.swift; path = SceneDelegate.swift; sourceTree = "<group>"; };
		7567060024C726B000C791FA /* EditorController.swift */ = {isa = PBXFileReference; lastKnownFileType = sourcecode.swift; path = EditorController.swift; sourceTree = "<group>"; };
		7567060524C726B300C791FA /* Assets.xcassets */ = {isa = PBXFileReference; lastKnownFileType = folder.assetcatalog; path = Assets.xcassets; sourceTree = "<group>"; };
		7567060824C726B300C791FA /* Base */ = {isa = PBXFileReference; lastKnownFileType = file.storyboard; name = Base; path = Base.lproj/LaunchScreen.storyboard; sourceTree = "<group>"; };
		7567060A24C726B300C791FA /* Info.plist */ = {isa = PBXFileReference; lastKnownFileType = text.plist.xml; path = Info.plist; sourceTree = "<group>"; };
		7567061224C7273A00C791FA /* Meme.swift */ = {isa = PBXFileReference; fileEncoding = 4; lastKnownFileType = sourcecode.swift; path = Meme.swift; sourceTree = "<group>"; };
		758C82EC24CC8AB200CE0613 /* MemeCollectionViewController.swift */ = {isa = PBXFileReference; lastKnownFileType = sourcecode.swift; path = MemeCollectionViewController.swift; sourceTree = "<group>"; };
		75AF0B1324D0561300ABBA73 /* MemeDetailViewController.swift */ = {isa = PBXFileReference; lastKnownFileType = sourcecode.swift; path = MemeDetailViewController.swift; sourceTree = "<group>"; };
		75AF0B1524D77CBD00ABBA73 /* MemeTableViewController.swift */ = {isa = PBXFileReference; lastKnownFileType = sourcecode.swift; path = MemeTableViewController.swift; sourceTree = "<group>"; };
		75AF0B1724D8982C00ABBA73 /* MemeCollectionViewCell.swift */ = {isa = PBXFileReference; lastKnownFileType = sourcecode.swift; path = MemeCollectionViewCell.swift; sourceTree = "<group>"; };
		75AF0B1B24D9D0F300ABBA73 /* MemeTableViewCell.swift */ = {isa = PBXFileReference; fileEncoding = 4; lastKnownFileType = sourcecode.swift; path = MemeTableViewCell.swift; sourceTree = "<group>"; };
/* End PBXFileReference section */

/* Begin PBXFrameworksBuildPhase section */
		756705F624C726B000C791FA /* Frameworks */ = {
			isa = PBXFrameworksBuildPhase;
			buildActionMask = 2147483647;
			files = (
			);
			runOnlyForDeploymentPostprocessing = 0;
		};
/* End PBXFrameworksBuildPhase section */

/* Begin PBXGroup section */
		756705F024C726B000C791FA = {
			isa = PBXGroup;
			children = (
				756705FB24C726B000C791FA /* Meme 2.0 */,
				756705FA24C726B000C791FA /* Products */,
			);
			sourceTree = "<group>";
		};
		756705FA24C726B000C791FA /* Products */ = {
			isa = PBXGroup;
			children = (
				756705F924C726B000C791FA /* Meme 2.0.app */,
			);
			name = Products;
			sourceTree = "<group>";
		};
		756705FB24C726B000C791FA /* Meme 2.0 */ = {
			isa = PBXGroup;
			children = (
				755107D224E421EE009B14A4 /* Main.storyboard */,
				75AF0B1B24D9D0F300ABBA73 /* MemeTableViewCell.swift */,
				7567061224C7273A00C791FA /* Meme.swift */,
				756705FC24C726B000C791FA /* AppDelegate.swift */,
				756705FE24C726B000C791FA /* SceneDelegate.swift */,
				7567060024C726B000C791FA /* EditorController.swift */,
				7567060524C726B300C791FA /* Assets.xcassets */,
				7567060724C726B300C791FA /* LaunchScreen.storyboard */,
				7567060A24C726B300C791FA /* Info.plist */,
				758C82EC24CC8AB200CE0613 /* MemeCollectionViewController.swift */,
				75AF0B1324D0561300ABBA73 /* MemeDetailViewController.swift */,
				75AF0B1524D77CBD00ABBA73 /* MemeTableViewController.swift */,
				75AF0B1724D8982C00ABBA73 /* MemeCollectionViewCell.swift */,
			);
			path = "Meme 2.0";
			sourceTree = "<group>";
		};
/* End PBXGroup section */

/* Begin PBXNativeTarget section */
		756705F824C726B000C791FA /* Meme 2.0 */ = {
			isa = PBXNativeTarget;
			buildConfigurationList = 7567060D24C726B300C791FA /* Build configuration list for PBXNativeTarget "Meme 2.0" */;
			buildPhases = (
				756705F524C726B000C791FA /* Sources */,
				756705F624C726B000C791FA /* Frameworks */,
				756705F724C726B000C791FA /* Resources */,
			);
			buildRules = (
			);
			dependencies = (
			);
			name = "Meme 2.0";
			productName = "Meme 2.0";
			productReference = 756705F924C726B000C791FA /* Meme 2.0.app */;
			productType = "com.apple.product-type.application";
		};
/* End PBXNativeTarget section */

/* Begin PBXProject section */
		756705F124C726B000C791FA /* Project object */ = {
			isa = PBXProject;
			attributes = {
				LastSwiftUpdateCheck = 1150;
				LastUpgradeCheck = 1150;
				ORGANIZATIONNAME = adriangallardo;
				TargetAttributes = {
					756705F824C726B000C791FA = {
						CreatedOnToolsVersion = 11.5;
					};
				};
			};
			buildConfigurationList = 756705F424C726B000C791FA /* Build configuration list for PBXProject "Meme 2.0" */;
			compatibilityVersion = "Xcode 9.3";
			developmentRegion = en;
			hasScannedForEncodings = 0;
			knownRegions = (
				en,
				Base,
			);
			mainGroup = 756705F024C726B000C791FA;
			productRefGroup = 756705FA24C726B000C791FA /* Products */;
			projectDirPath = "";
			projectRoot = "";
			targets = (
				756705F824C726B000C791FA /* Meme 2.0 */,
			);
		};
/* End PBXProject section */

/* Begin PBXResourcesBuildPhase section */
		756705F724C726B000C791FA /* Resources */ = {
			isa = PBXResourcesBuildPhase;
			buildActionMask = 2147483647;
			files = (
				755107D324E421EE009B14A4 /* Main.storyboard in Resources */,
				7567060924C726B300C791FA /* LaunchScreen.storyboard in Resources */,
				7567060624C726B300C791FA /* Assets.xcassets in Resources */,
			);
			runOnlyForDeploymentPostprocessing = 0;
		};
/* End PBXResourcesBuildPhase section */

/* Begin PBXSourcesBuildPhase section */
		756705F524C726B000C791FA /* Sources */ = {
			isa = PBXSourcesBuildPhase;
			buildActionMask = 2147483647;
			files = (
				7567060124C726B000C791FA /* EditorController.swift in Sources */,
				75AF0B1624D77CBD00ABBA73 /* MemeTableViewController.swift in Sources */,
				7567061324C7273A00C791FA /* Meme.swift in Sources */,
				758C82ED24CC8AB200CE0613 /* MemeCollectionViewController.swift in Sources */,
				75AF0B1824D8982C00ABBA73 /* MemeCollectionViewCell.swift in Sources */,
				75AF0B1424D0561300ABBA73 /* MemeDetailViewController.swift in Sources */,
				75AF0B1C24D9D0F300ABBA73 /* MemeTableViewCell.swift in Sources */,
				756705FD24C726B000C791FA /* AppDelegate.swift in Sources */,
				756705FF24C726B000C791FA /* SceneDelegate.swift in Sources */,
			);
			runOnlyForDeploymentPostprocessing = 0;
		};
/* End PBXSourcesBuildPhase section */

/* Begin PBXVariantGroup section */
		7567060724C726B300C791FA /* LaunchScreen.storyboard */ = {
			isa = PBXVariantGroup;
			children = (
				7567060824C726B300C791FA /* Base */,
			);
			name = LaunchScreen.storyboard;
			sourceTree = "<group>";
		};
/* End PBXVariantGroup section */

/* Begin XCBuildConfiguration section */
		7567060B24C726B300C791FA /* Debug */ = {
			isa = XCBuildConfiguration;
			buildSettings = {
				ALWAYS_SEARCH_USER_PATHS = NO;
				CLANG_ANALYZER_NONNULL = YES;
				CLANG_ANALYZER_NUMBER_OBJECT_CONVERSION = YES_AGGRESSIVE;
				CLANG_CXX_LANGUAGE_STANDARD = "gnu++14";
				CLANG_CXX_LIBRARY = "libc++";
				CLANG_ENABLE_MODULES = YES;
				CLANG_ENABLE_OBJC_ARC = YES;
				CLANG_ENABLE_OBJC_WEAK = YES;
				CLANG_WARN_BLOCK_CAPTURE_AUTORELEASING = YES;
				CLANG_WARN_BOOL_CONVERSION = YES;
				CLANG_WARN_COMMA = YES;
				CLANG_WARN_CONSTANT_CONVERSION = YES;
				CLANG_WARN_DEPRECATED_OBJC_IMPLEMENTATIONS = YES;
				CLANG_WARN_DIRECT_OBJC_ISA_USAGE = YES_ERROR;
				CLANG_WARN_DOCUMENTATION_COMMENTS = YES;
				CLANG_WARN_EMPTY_BODY = YES;
				CLANG_WARN_ENUM_CONVERSION = YES;
				CLANG_WARN_INFINITE_RECURSION = YES;
				CLANG_WARN_INT_CONVERSION = YES;
				CLANG_WARN_NON_LITERAL_NULL_CONVERSION = YES;
				CLANG_WARN_OBJC_IMPLICIT_RETAIN_SELF = YES;
				CLANG_WARN_OBJC_LITERAL_CONVERSION = YES;
				CLANG_WARN_OBJC_ROOT_CLASS = YES_ERROR;
				CLANG_WARN_RANGE_LOOP_ANALYSIS = YES;
				CLANG_WARN_STRICT_PROTOTYPES = YES;
				CLANG_WARN_SUSPICIOUS_MOVE = YES;
				CLANG_WARN_UNGUARDED_AVAILABILITY = YES_AGGRESSIVE;
				CLANG_WARN_UNREACHABLE_CODE = YES;
				CLANG_WARN__DUPLICATE_METHOD_MATCH = YES;
				COPY_PHASE_STRIP = NO;
				DEBUG_INFORMATION_FORMAT = dwarf;
				ENABLE_STRICT_OBJC_MSGSEND = YES;
				ENABLE_TESTABILITY = YES;
				GCC_C_LANGUAGE_STANDARD = gnu11;
				GCC_DYNAMIC_NO_PIC = NO;
				GCC_NO_COMMON_BLOCKS = YES;
				GCC_OPTIMIZATION_LEVEL = 0;
				GCC_PREPROCESSOR_DEFINITIONS = (
					"DEBUG=1",
					"$(inherited)",
				);
				GCC_WARN_64_TO_32_BIT_CONVERSION = YES;
				GCC_WARN_ABOUT_RETURN_TYPE = YES_ERROR;
				GCC_WARN_UNDECLARED_SELECTOR = YES;
				GCC_WARN_UNINITIALIZED_AUTOS = YES_AGGRESSIVE;
				GCC_WARN_UNUSED_FUNCTION = YES;
				GCC_WARN_UNUSED_VARIABLE = YES;
				IPHONEOS_DEPLOYMENT_TARGET = 13.5;
				MTL_ENABLE_DEBUG_INFO = INCLUDE_SOURCE;
				MTL_FAST_MATH = YES;
				ONLY_ACTIVE_ARCH = YES;
				SDKROOT = iphoneos;
				SWIFT_ACTIVE_COMPILATION_CONDITIONS = DEBUG;
				SWIFT_OPTIMIZATION_LEVEL = "-Onone";
			};
			name = Debug;
		};
		7567060C24C726B300C791FA /* Release */ = {
			isa = XCBuildConfiguration;
			buildSettings = {
				ALWAYS_SEARCH_USER_PATHS = NO;
				CLANG_ANALYZER_NONNULL = YES;
				CLANG_ANALYZER_NUMBER_OBJECT_CONVERSION = YES_AGGRESSIVE;
				CLANG_CXX_LANGUAGE_STANDARD = "gnu++14";
				CLANG_CXX_LIBRARY = "libc++";
				CLANG_ENABLE_MODULES = YES;
				CLANG_ENABLE_OBJC_ARC = YES;
				CLANG_ENABLE_OBJC_WEAK = YES;
				CLANG_WARN_BLOCK_CAPTURE_AUTORELEASING = YES;
				CLANG_WARN_BOOL_CONVERSION = YES;
				CLANG_WARN_COMMA = YES;
				CLANG_WARN_CONSTANT_CONVERSION = YES;
				CLANG_WARN_DEPRECATED_OBJC_IMPLEMENTATIONS = YES;
				CLANG_WARN_DIRECT_OBJC_ISA_USAGE = YES_ERROR;
				CLANG_WARN_DOCUMENTATION_COMMENTS = YES;
				CLANG_WARN_EMPTY_BODY = YES;
				CLANG_WARN_ENUM_CONVERSION = YES;
				CLANG_WARN_INFINITE_RECURSION = YES;
				CLANG_WARN_INT_CONVERSION = YES;
				CLANG_WARN_NON_LITERAL_NULL_CONVERSION = YES;
				CLANG_WARN_OBJC_IMPLICIT_RETAIN_SELF = YES;
				CLANG_WARN_OBJC_LITERAL_CONVERSION = YES;
				CLANG_WARN_OBJC_ROOT_CLASS = YES_ERROR;
				CLANG_WARN_RANGE_LOOP_ANALYSIS = YES;
				CLANG_WARN_STRICT_PROTOTYPES = YES;
				CLANG_WARN_SUSPICIOUS_MOVE = YES;
				CLANG_WARN_UNGUARDED_AVAILABILITY = YES_AGGRESSIVE;
				CLANG_WARN_UNREACHABLE_CODE = YES;
				CLANG_WARN__DUPLICATE_METHOD_MATCH = YES;
				COPY_PHASE_STRIP = NO;
				DEBUG_INFORMATION_FORMAT = "dwarf-with-dsym";
				ENABLE_NS_ASSERTIONS = NO;
				ENABLE_STRICT_OBJC_MSGSEND = YES;
				GCC_C_LANGUAGE_STANDARD = gnu11;
				GCC_NO_COMMON_BLOCKS = YES;
				GCC_WARN_64_TO_32_BIT_CONVERSION = YES;
				GCC_WARN_ABOUT_RETURN_TYPE = YES_ERROR;
				GCC_WARN_UNDECLARED_SELECTOR = YES;
				GCC_WARN_UNINITIALIZED_AUTOS = YES_AGGRESSIVE;
				GCC_WARN_UNUSED_FUNCTION = YES;
				GCC_WARN_UNUSED_VARIABLE = YES;
				IPHONEOS_DEPLOYMENT_TARGET = 13.5;
				MTL_ENABLE_DEBUG_INFO = NO;
				MTL_FAST_MATH = YES;
				SDKROOT = iphoneos;
				SWIFT_COMPILATION_MODE = wholemodule;
				SWIFT_OPTIMIZATION_LEVEL = "-O";
				VALIDATE_PRODUCT = YES;
			};
			name = Release;
		};
		7567060E24C726B300C791FA /* Debug */ = {
			isa = XCBuildConfiguration;
			buildSettings = {
				ASSETCATALOG_COMPILER_APPICON_NAME = AppIcon;
				CODE_SIGN_STYLE = Automatic;
				INFOPLIST_FILE = "Meme 2.0/Info.plist";
				LD_RUNPATH_SEARCH_PATHS = (
					"$(inherited)",
					"@executable_path/Frameworks",
				);
				PRODUCT_BUNDLE_IDENTIFIER = "com.adriangallardo.Meme-2-0";
				PRODUCT_NAME = "$(TARGET_NAME)";
				SWIFT_VERSION = 5.0;
				TARGETED_DEVICE_FAMILY = "1,2";
			};
			name = Debug;
		};
		7567060F24C726B300C791FA /* Release */ = {
			isa = XCBuildConfiguration;
			buildSettings = {
				ASSETCATALOG_COMPILER_APPICON_NAME = AppIcon;
				CODE_SIGN_STYLE = Automatic;
				INFOPLIST_FILE = "Meme 2.0/Info.plist";
				LD_RUNPATH_SEARCH_PATHS = (
					"$(inherited)",
					"@executable_path/Frameworks",
				);
				PRODUCT_BUNDLE_IDENTIFIER = "com.adriangallardo.Meme-2-0";
				PRODUCT_NAME = "$(TARGET_NAME)";
				SWIFT_VERSION = 5.0;
				TARGETED_DEVICE_FAMILY = "1,2";
			};
			name = Release;
		};
/* End XCBuildConfiguration section */

/* Begin XCConfigurationList section */
		756705F424C726B000C791FA /* Build configuration list for PBXProject "Meme 2.0" */ = {
			isa = XCConfigurationList;
			buildConfigurations = (
				7567060B24C726B300C791FA /* Debug */,
				7567060C24C726B300C791FA /* Release */,
			);
			defaultConfigurationIsVisible = 0;
			defaultConfigurationName = Release;
		};
		7567060D24C726B300C791FA /* Build configuration list for PBXNativeTarget "Meme 2.0" */ = {
			isa = XCConfigurationList;
			buildConfigurations = (
				7567060E24C726B300C791FA /* Debug */,
				7567060F24C726B300C791FA /* Release */,
			);
			defaultConfigurationIsVisible = 0;
			defaultConfigurationName = Release;
		};
/* End XCConfigurationList section */
	};
	rootObject = 756705F124C726B000C791FA /* Project object */;
}
